
Microsoft Visual Studio Solution File, Format Version 12.00
# Visual Studio Version 17
VisualStudioVersion = 17.0.31903.59
MinimumVisualStudioVersion = 10.0.40219.1
Project("{2150E333-8FDC-42A3-9474-1A3956D46DE8}") = "src", "src", "{827E0CD3-B72D-47B6-A68D-7590B98EB39B}"
EndProject
Project("{FAE04EC0-301F-11D3-BF4B-00C04F79EFBC}") = "DHouse.Core", "src\DHouse.Core\DHouse.Core.csproj", "{1356DE1D-5DBA-4751-A597-6C704C82BB5A}"
EndProject
Project("{FAE04EC0-301F-11D3-BF4B-00C04F79EFBC}") = "DHouse.Application", "src\DHouse.Application\DHouse.Application.csproj", "{3E21C7D8-2C14-4779-A5DB-100EE932A513}"
EndProject
Project("{FAE04EC0-301F-11D3-BF4B-00C04F79EFBC}") = "DHouse.Infrastructure", "src\DHouse.Infrastructure\DHouse.Infrastructure.csproj", "{58878FF6-0F5E-4BE8-BCA3-68A349A4E8D3}"
EndProject
Project("{FAE04EC0-301F-11D3-BF4B-00C04F79EFBC}") = "DHouse.API", "src\DHouse.API\DHouse.API.csproj", "{0B748934-8A79-4D89-9DEB-2067A7BD48AF}"
EndProject
Project("{FAE04EC0-301F-11D3-BF4B-00C04F79EFBC}") = "DHouse.Tests", "src\DHouse.Tests\DHouse.Tests.csproj", "{4EE83D6B-280F-41BB-820D-AC4677709141}"
EndProject
Global
	GlobalSection(SolutionConfigurationPlatforms) = preSolution
		Debug|Any CPU = Debug|Any CPU
		Debug|x64 = Debug|x64
		Debug|x86 = Debug|x86
		Release|Any CPU = Release|Any CPU
		Release|x64 = Release|x64
		Release|x86 = Release|x86
	EndGlobalSection
	GlobalSection(ProjectConfigurationPlatforms) = postSolution
		{1356DE1D-5DBA-4751-A597-6C704C82BB5A}.Debug|Any CPU.ActiveCfg = Debug|Any CPU
		{1356DE1D-5DBA-4751-A597-6C704C82BB5A}.Debug|Any CPU.Build.0 = Debug|Any CPU
		{1356DE1D-5DBA-4751-A597-6C704C82BB5A}.Debug|x64.ActiveCfg = Debug|Any CPU
		{1356DE1D-5DBA-4751-A597-6C704C82BB5A}.Debug|x64.Build.0 = Debug|Any CPU
		{1356DE1D-5DBA-4751-A597-6C704C82BB5A}.Debug|x86.ActiveCfg = Debug|Any CPU
		{1356DE1D-5DBA-4751-A597-6C704C82BB5A}.Debug|x86.Build.0 = Debug|Any CPU
		{1356DE1D-5DBA-4751-A597-6C704C82BB5A}.Release|Any CPU.ActiveCfg = Release|Any CPU
		{1356DE1D-5DBA-4751-A597-6C704C82BB5A}.Release|Any CPU.Build.0 = Release|Any CPU
		{1356DE1D-5DBA-4751-A597-6C704C82BB5A}.Release|x64.ActiveCfg = Release|Any CPU
		{1356DE1D-5DBA-4751-A597-6C704C82BB5A}.Release|x64.Build.0 = Release|Any CPU
		{1356DE1D-5DBA-4751-A597-6C704C82BB5A}.Release|x86.ActiveCfg = Release|Any CPU
		{1356DE1D-5DBA-4751-A597-6C704C82BB5A}.Release|x86.Build.0 = Release|Any CPU
		{3E21C7D8-2C14-4779-A5DB-100EE932A513}.Debug|Any CPU.ActiveCfg = Debug|Any CPU
		{3E21C7D8-2C14-4779-A5DB-100EE932A513}.Debug|Any CPU.Build.0 = Debug|Any CPU
		{3E21C7D8-2C14-4779-A5DB-100EE932A513}.Debug|x64.ActiveCfg = Debug|Any CPU
		{3E21C7D8-2C14-4779-A5DB-100EE932A513}.Debug|x64.Build.0 = Debug|Any CPU
		{3E21C7D8-2C14-4779-A5DB-100EE932A513}.Debug|x86.ActiveCfg = Debug|Any CPU
		{3E21C7D8-2C14-4779-A5DB-100EE932A513}.Debug|x86.Build.0 = Debug|Any CPU
		{3E21C7D8-2C14-4779-A5DB-100EE932A513}.Release|Any CPU.ActiveCfg = Release|Any CPU
		{3E21C7D8-2C14-4779-A5DB-100EE932A513}.Release|Any CPU.Build.0 = Release|Any CPU
		{3E21C7D8-2C14-4779-A5DB-100EE932A513}.Release|x64.ActiveCfg = Release|Any CPU
		{3E21C7D8-2C14-4779-A5DB-100EE932A513}.Release|x64.Build.0 = Release|Any CPU
		{3E21C7D8-2C14-4779-A5DB-100EE932A513}.Release|x86.ActiveCfg = Release|Any CPU
		{3E21C7D8-2C14-4779-A5DB-100EE932A513}.Release|x86.Build.0 = Release|Any CPU
		{58878FF6-0F5E-4BE8-BCA3-68A349A4E8D3}.Debug|Any CPU.ActiveCfg = Debug|Any CPU
		{58878FF6-0F5E-4BE8-BCA3-68A349A4E8D3}.Debug|Any CPU.Build.0 = Debug|Any CPU
		{58878FF6-0F5E-4BE8-BCA3-68A349A4E8D3}.Debug|x64.ActiveCfg = Debug|Any CPU
		{58878FF6-0F5E-4BE8-BCA3-68A349A4E8D3}.Debug|x64.Build.0 = Debug|Any CPU
		{58878FF6-0F5E-4BE8-BCA3-68A349A4E8D3}.Debug|x86.ActiveCfg = Debug|Any CPU
		{58878FF6-0F5E-4BE8-BCA3-68A349A4E8D3}.Debug|x86.Build.0 = Debug|Any CPU
		{58878FF6-0F5E-4BE8-BCA3-68A349A4E8D3}.Release|Any CPU.ActiveCfg = Release|Any CPU
		{58878FF6-0F5E-4BE8-BCA3-68A349A4E8D3}.Release|Any CPU.Build.0 = Release|Any CPU
		{58878FF6-0F5E-4BE8-BCA3-68A349A4E8D3}.Release|x64.ActiveCfg = Release|Any CPU
		{58878FF6-0F5E-4BE8-BCA3-68A349A4E8D3}.Release|x64.Build.0 = Release|Any CPU
		{58878FF6-0F5E-4BE8-BCA3-68A349A4E8D3}.Release|x86.ActiveCfg = Release|Any CPU
		{58878FF6-0F5E-4BE8-BCA3-68A349A4E8D3}.Release|x86.Build.0 = Release|Any CPU
		{0B748934-8A79-4D89-9DEB-2067A7BD48AF}.Debug|Any CPU.ActiveCfg = Debug|Any CPU
		{0B748934-8A79-4D89-9DEB-2067A7BD48AF}.Debug|Any CPU.Build.0 = Debug|Any CPU
		{0B748934-8A79-4D89-9DEB-2067A7BD48AF}.Debug|x64.ActiveCfg = Debug|Any CPU
		{0B748934-8A79-4D89-9DEB-2067A7BD48AF}.Debug|x64.Build.0 = Debug|Any CPU
		{0B748934-8A79-4D89-9DEB-2067A7BD48AF}.Debug|x86.ActiveCfg = Debug|Any CPU
		{0B748934-8A79-4D89-9DEB-2067A7BD48AF}.Debug|x86.Build.0 = Debug|Any CPU
		{0B748934-8A79-4D89-9DEB-2067A7BD48AF}.Release|Any CPU.ActiveCfg = Release|Any CPU
		{0B748934-8A79-4D89-9DEB-2067A7BD48AF}.Release|Any CPU.Build.0 = Release|Any CPU
		{0B748934-8A79-4D89-9DEB-2067A7BD48AF}.Release|x64.ActiveCfg = Release|Any CPU
		{0B748934-8A79-4D89-9DEB-2067A7BD48AF}.Release|x64.Build.0 = Release|Any CPU
		{0B748934-8A79-4D89-9DEB-2067A7BD48AF}.Release|x86.ActiveCfg = Release|Any CPU
		{0B748934-8A79-4D89-9DEB-2067A7BD48AF}.Release|x86.Build.0 = Release|Any CPU
		{4EE83D6B-280F-41BB-820D-AC4677709141}.Debug|Any CPU.ActiveCfg = Debug|Any CPU
		{4EE83D6B-280F-41BB-820D-AC4677709141}.Debug|Any CPU.Build.0 = Debug|Any CPU
		{4EE83D6B-280F-41BB-820D-AC4677709141}.Debug|x64.ActiveCfg = Debug|Any CPU
		{4EE83D6B-280F-41BB-820D-AC4677709141}.Debug|x64.Build.0 = Debug|Any CPU
		{4EE83D6B-280F-41BB-820D-AC4677709141}.Debug|x86.ActiveCfg = Debug|Any CPU
		{4EE83D6B-280F-41BB-820D-AC4677709141}.Debug|x86.Build.0 = Debug|Any CPU
		{4EE83D6B-280F-41BB-820D-AC4677709141}.Release|Any CPU.ActiveCfg = Release|Any CPU
		{4EE83D6B-280F-41BB-820D-AC4677709141}.Release|Any CPU.Build.0 = Release|Any CPU
		{4EE83D6B-280F-41BB-820D-AC4677709141}.Release|x64.ActiveCfg = Release|Any CPU
		{4EE83D6B-280F-41BB-820D-AC4677709141}.Release|x64.Build.0 = Release|Any CPU
		{4EE83D6B-280F-41BB-820D-AC4677709141}.Release|x86.ActiveCfg = Release|Any CPU
		{4EE83D6B-280F-41BB-820D-AC4677709141}.Release|x86.Build.0 = Release|Any CPU
	EndGlobalSection
	GlobalSection(SolutionProperties) = preSolution
		HideSolutionNode = FALSE
	EndGlobalSection
	GlobalSection(NestedProjects) = preSolution
		{1356DE1D-5DBA-4751-A597-6C704C82BB5A} = {827E0CD3-B72D-47B6-A68D-7590B98EB39B}
		{3E21C7D8-2C14-4779-A5DB-100EE932A513} = {827E0CD3-B72D-47B6-A68D-7590B98EB39B}
		{58878FF6-0F5E-4BE8-BCA3-68A349A4E8D3} = {827E0CD3-B72D-47B6-A68D-7590B98EB39B}
		{0B748934-8A79-4D89-9DEB-2067A7BD48AF} = {827E0CD3-B72D-47B6-A68D-7590B98EB39B}
		{4EE83D6B-280F-41BB-820D-AC4677709141} = {827E0CD3-B72D-47B6-A68D-7590B98EB39B}
	EndGlobalSection
EndGlobal
