
Microsoft Visual Studio Solution File, Format Version 12.00
# Visual Studio Version 17
VisualStudioVersion = 17.0.31903.59
MinimumVisualStudioVersion = 10.0.40219.1
Project("{2150E333-8FDC-42A3-9474-1A3956D46DE8}") = "src", "src", "{827E0CD3-B72D-47B6-A68D-7590B98EB39B}"
EndProject
Project("{FAE04EC0-301F-11D3-BF4B-00C04F79EFBC}") = "DHouse.Core.Domain", "src\DHouse.Core.Domain\DHouse.Core.Domain.csproj", "{657B0962-CADE-44BC-9F42-C9B1D0AB9D68}"
EndProject
Project("{FAE04EC0-301F-11D3-BF4B-00C04F79EFBC}") = "DHouse.Core.Application", "src\DHouse.Core.Application\DHouse.Core.Application.csproj", "{9DE936CA-2F35-4483-946E-4DF5899F4FF6}"
EndProject
Project("{FAE04EC0-301F-11D3-BF4B-00C04F79EFBC}") = "DHouse.Core.Infrastructure", "src\DHouse.Core.Infrastructure\DHouse.Core.Infrastructure.csproj", "{0D80BD91-E4DC-43AE-B3F3-D262BFB92646}"
EndProject
Project("{FAE04EC0-301F-11D3-BF4B-00C04F79EFBC}") = "DHouse.Core.API", "src\DHouse.Core.API\DHouse.Core.API.csproj", "{942CFAE4-C272-47C0-A9B0-F9E6F6D7D2C2}"
EndProject
Global
	GlobalSection(SolutionConfigurationPlatforms) = preSolution
		Debug|Any CPU = Debug|Any CPU
		Debug|x64 = Debug|x64
		Debug|x86 = Debug|x86
		Release|Any CPU = Release|Any CPU
		Release|x64 = Release|x64
		Release|x86 = Release|x86
	EndGlobalSection
	GlobalSection(ProjectConfigurationPlatforms) = postSolution
		{657B0962-CADE-44BC-9F42-C9B1D0AB9D68}.Debug|Any CPU.ActiveCfg = Debug|Any CPU
		{657B0962-CADE-44BC-9F42-C9B1D0AB9D68}.Debug|Any CPU.Build.0 = Debug|Any CPU
		{657B0962-CADE-44BC-9F42-C9B1D0AB9D68}.Debug|x64.ActiveCfg = Debug|Any CPU
		{657B0962-CADE-44BC-9F42-C9B1D0AB9D68}.Debug|x64.Build.0 = Debug|Any CPU
		{657B0962-CADE-44BC-9F42-C9B1D0AB9D68}.Debug|x86.ActiveCfg = Debug|Any CPU
		{657B0962-CADE-44BC-9F42-C9B1D0AB9D68}.Debug|x86.Build.0 = Debug|Any CPU
		{657B0962-CADE-44BC-9F42-C9B1D0AB9D68}.Release|Any CPU.ActiveCfg = Release|Any CPU
		{657B0962-CADE-44BC-9F42-C9B1D0AB9D68}.Release|Any CPU.Build.0 = Release|Any CPU
		{657B0962-CADE-44BC-9F42-C9B1D0AB9D68}.Release|x64.ActiveCfg = Release|Any CPU
		{657B0962-CADE-44BC-9F42-C9B1D0AB9D68}.Release|x64.Build.0 = Release|Any CPU
		{657B0962-CADE-44BC-9F42-C9B1D0AB9D68}.Release|x86.ActiveCfg = Release|Any CPU
		{657B0962-CADE-44BC-9F42-C9B1D0AB9D68}.Release|x86.Build.0 = Release|Any CPU
		{9DE936CA-2F35-4483-946E-4DF5899F4FF6}.Debug|Any CPU.ActiveCfg = Debug|Any CPU
		{9DE936CA-2F35-4483-946E-4DF5899F4FF6}.Debug|Any CPU.Build.0 = Debug|Any CPU
		{9DE936CA-2F35-4483-946E-4DF5899F4FF6}.Debug|x64.ActiveCfg = Debug|Any CPU
		{9DE936CA-2F35-4483-946E-4DF5899F4FF6}.Debug|x64.Build.0 = Debug|Any CPU
		{9DE936CA-2F35-4483-946E-4DF5899F4FF6}.Debug|x86.ActiveCfg = Debug|Any CPU
		{9DE936CA-2F35-4483-946E-4DF5899F4FF6}.Debug|x86.Build.0 = Debug|Any CPU
		{9DE936CA-2F35-4483-946E-4DF5899F4FF6}.Release|Any CPU.ActiveCfg = Release|Any CPU
		{9DE936CA-2F35-4483-946E-4DF5899F4FF6}.Release|Any CPU.Build.0 = Release|Any CPU
		{9DE936CA-2F35-4483-946E-4DF5899F4FF6}.Release|x64.ActiveCfg = Release|Any CPU
		{9DE936CA-2F35-4483-946E-4DF5899F4FF6}.Release|x64.Build.0 = Release|Any CPU
		{9DE936CA-2F35-4483-946E-4DF5899F4FF6}.Release|x86.ActiveCfg = Release|Any CPU
		{9DE936CA-2F35-4483-946E-4DF5899F4FF6}.Release|x86.Build.0 = Release|Any CPU
		{0D80BD91-E4DC-43AE-B3F3-D262BFB92646}.Debug|Any CPU.ActiveCfg = Debug|Any CPU
		{0D80BD91-E4DC-43AE-B3F3-D262BFB92646}.Debug|Any CPU.Build.0 = Debug|Any CPU
		{0D80BD91-E4DC-43AE-B3F3-D262BFB92646}.Debug|x64.ActiveCfg = Debug|Any CPU
		{0D80BD91-E4DC-43AE-B3F3-D262BFB92646}.Debug|x64.Build.0 = Debug|Any CPU
		{0D80BD91-E4DC-43AE-B3F3-D262BFB92646}.Debug|x86.ActiveCfg = Debug|Any CPU
		{0D80BD91-E4DC-43AE-B3F3-D262BFB92646}.Debug|x86.Build.0 = Debug|Any CPU
		{0D80BD91-E4DC-43AE-B3F3-D262BFB92646}.Release|Any CPU.ActiveCfg = Release|Any CPU
		{0D80BD91-E4DC-43AE-B3F3-D262BFB92646}.Release|Any CPU.Build.0 = Release|Any CPU
		{0D80BD91-E4DC-43AE-B3F3-D262BFB92646}.Release|x64.ActiveCfg = Release|Any CPU
		{0D80BD91-E4DC-43AE-B3F3-D262BFB92646}.Release|x64.Build.0 = Release|Any CPU
		{0D80BD91-E4DC-43AE-B3F3-D262BFB92646}.Release|x86.ActiveCfg = Release|Any CPU
		{0D80BD91-E4DC-43AE-B3F3-D262BFB92646}.Release|x86.Build.0 = Release|Any CPU
		{942CFAE4-C272-47C0-A9B0-F9E6F6D7D2C2}.Debug|Any CPU.ActiveCfg = Debug|Any CPU
		{942CFAE4-C272-47C0-A9B0-F9E6F6D7D2C2}.Debug|Any CPU.Build.0 = Debug|Any CPU
		{942CFAE4-C272-47C0-A9B0-F9E6F6D7D2C2}.Debug|x64.ActiveCfg = Debug|Any CPU
		{942CFAE4-C272-47C0-A9B0-F9E6F6D7D2C2}.Debug|x64.Build.0 = Debug|Any CPU
		{942CFAE4-C272-47C0-A9B0-F9E6F6D7D2C2}.Debug|x86.ActiveCfg = Debug|Any CPU
		{942CFAE4-C272-47C0-A9B0-F9E6F6D7D2C2}.Debug|x86.Build.0 = Debug|Any CPU
		{942CFAE4-C272-47C0-A9B0-F9E6F6D7D2C2}.Release|Any CPU.ActiveCfg = Release|Any CPU
		{942CFAE4-C272-47C0-A9B0-F9E6F6D7D2C2}.Release|Any CPU.Build.0 = Release|Any CPU
		{942CFAE4-C272-47C0-A9B0-F9E6F6D7D2C2}.Release|x64.ActiveCfg = Release|Any CPU
		{942CFAE4-C272-47C0-A9B0-F9E6F6D7D2C2}.Release|x64.Build.0 = Release|Any CPU
		{942CFAE4-C272-47C0-A9B0-F9E6F6D7D2C2}.Release|x86.ActiveCfg = Release|Any CPU
		{942CFAE4-C272-47C0-A9B0-F9E6F6D7D2C2}.Release|x86.Build.0 = Release|Any CPU
	EndGlobalSection
	GlobalSection(SolutionProperties) = preSolution
		HideSolutionNode = FALSE
	EndGlobalSection
	GlobalSection(NestedProjects) = preSolution
		{657B0962-CADE-44BC-9F42-C9B1D0AB9D68} = {827E0CD3-B72D-47B6-A68D-7590B98EB39B}
		{9DE936CA-2F35-4483-946E-4DF5899F4FF6} = {827E0CD3-B72D-47B6-A68D-7590B98EB39B}
		{0D80BD91-E4DC-43AE-B3F3-D262BFB92646} = {827E0CD3-B72D-47B6-A68D-7590B98EB39B}
		{942CFAE4-C272-47C0-A9B0-F9E6F6D7D2C2} = {827E0CD3-B72D-47B6-A68D-7590B98EB39B}
	EndGlobalSection
EndGlobal
