
Microsoft Visual Studio Solution File, Format Version 12.00
# Visual Studio Version 17
VisualStudioVersion = 17.0.31903.59
MinimumVisualStudioVersion = 10.0.40219.1
Project("{FAE04EC0-301F-11D3-BF4B-00C04F79EFBC}") = "DHouse.Core", "DHouse.Core\DHouse.Core.csproj", "{707B0031-3FDC-4988-9191-DA61A2D1CA1A}"
EndProject
Project("{FAE04EC0-301F-11D3-BF4B-00C04F79EFBC}") = "DHouse.Infrastructure", "DHouse.Infrastructure\DHouse.Infrastructure.csproj", "{F4D3519D-E18F-41A7-8F6A-411A9BFBC528}"
EndProject
Project("{FAE04EC0-301F-11D3-BF4B-00C04F79EFBC}") = "DHouse.API", "DHouse.API\DHouse.API.csproj", "{865C49EC-B340-4B60-99FE-CB643B63084C}"
EndProject
Global
	GlobalSection(SolutionConfigurationPlatforms) = preSolution
		Debug|Any CPU = Debug|Any CPU
		Debug|x64 = Debug|x64
		Debug|x86 = Debug|x86
		Release|Any CPU = Release|Any CPU
		Release|x64 = Release|x64
		Release|x86 = Release|x86
	EndGlobalSection
	GlobalSection(ProjectConfigurationPlatforms) = postSolution
		{707B0031-3FDC-4988-9191-DA61A2D1CA1A}.Debug|Any CPU.ActiveCfg = Debug|Any CPU
		{707B0031-3FDC-4988-9191-DA61A2D1CA1A}.Debug|Any CPU.Build.0 = Debug|Any CPU
		{707B0031-3FDC-4988-9191-DA61A2D1CA1A}.Debug|x64.ActiveCfg = Debug|Any CPU
		{707B0031-3FDC-4988-9191-DA61A2D1CA1A}.Debug|x64.Build.0 = Debug|Any CPU
		{707B0031-3FDC-4988-9191-DA61A2D1CA1A}.Debug|x86.ActiveCfg = Debug|Any CPU
		{707B0031-3FDC-4988-9191-DA61A2D1CA1A}.Debug|x86.Build.0 = Debug|Any CPU
		{707B0031-3FDC-4988-9191-DA61A2D1CA1A}.Release|Any CPU.ActiveCfg = Release|Any CPU
		{707B0031-3FDC-4988-9191-DA61A2D1CA1A}.Release|Any CPU.Build.0 = Release|Any CPU
		{707B0031-3FDC-4988-9191-DA61A2D1CA1A}.Release|x64.ActiveCfg = Release|Any CPU
		{707B0031-3FDC-4988-9191-DA61A2D1CA1A}.Release|x64.Build.0 = Release|Any CPU
		{707B0031-3FDC-4988-9191-DA61A2D1CA1A}.Release|x86.ActiveCfg = Release|Any CPU
		{707B0031-3FDC-4988-9191-DA61A2D1CA1A}.Release|x86.Build.0 = Release|Any CPU
		{F4D3519D-E18F-41A7-8F6A-411A9BFBC528}.Debug|Any CPU.ActiveCfg = Debug|Any CPU
		{F4D3519D-E18F-41A7-8F6A-411A9BFBC528}.Debug|Any CPU.Build.0 = Debug|Any CPU
		{F4D3519D-E18F-41A7-8F6A-411A9BFBC528}.Debug|x64.ActiveCfg = Debug|Any CPU
		{F4D3519D-E18F-41A7-8F6A-411A9BFBC528}.Debug|x64.Build.0 = Debug|Any CPU
		{F4D3519D-E18F-41A7-8F6A-411A9BFBC528}.Debug|x86.ActiveCfg = Debug|Any CPU
		{F4D3519D-E18F-41A7-8F6A-411A9BFBC528}.Debug|x86.Build.0 = Debug|Any CPU
		{F4D3519D-E18F-41A7-8F6A-411A9BFBC528}.Release|Any CPU.ActiveCfg = Release|Any CPU
		{F4D3519D-E18F-41A7-8F6A-411A9BFBC528}.Release|Any CPU.Build.0 = Release|Any CPU
		{F4D3519D-E18F-41A7-8F6A-411A9BFBC528}.Release|x64.ActiveCfg = Release|Any CPU
		{F4D3519D-E18F-41A7-8F6A-411A9BFBC528}.Release|x64.Build.0 = Release|Any CPU
		{F4D3519D-E18F-41A7-8F6A-411A9BFBC528}.Release|x86.ActiveCfg = Release|Any CPU
		{F4D3519D-E18F-41A7-8F6A-411A9BFBC528}.Release|x86.Build.0 = Release|Any CPU
		{865C49EC-B340-4B60-99FE-CB643B63084C}.Debug|Any CPU.ActiveCfg = Debug|Any CPU
		{865C49EC-B340-4B60-99FE-CB643B63084C}.Debug|Any CPU.Build.0 = Debug|Any CPU
		{865C49EC-B340-4B60-99FE-CB643B63084C}.Debug|x64.ActiveCfg = Debug|Any CPU
		{865C49EC-B340-4B60-99FE-CB643B63084C}.Debug|x64.Build.0 = Debug|Any CPU
		{865C49EC-B340-4B60-99FE-CB643B63084C}.Debug|x86.ActiveCfg = Debug|Any CPU
		{865C49EC-B340-4B60-99FE-CB643B63084C}.Debug|x86.Build.0 = Debug|Any CPU
		{865C49EC-B340-4B60-99FE-CB643B63084C}.Release|Any CPU.ActiveCfg = Release|Any CPU
		{865C49EC-B340-4B60-99FE-CB643B63084C}.Release|Any CPU.Build.0 = Release|Any CPU
		{865C49EC-B340-4B60-99FE-CB643B63084C}.Release|x64.ActiveCfg = Release|Any CPU
		{865C49EC-B340-4B60-99FE-CB643B63084C}.Release|x64.Build.0 = Release|Any CPU
		{865C49EC-B340-4B60-99FE-CB643B63084C}.Release|x86.ActiveCfg = Release|Any CPU
		{865C49EC-B340-4B60-99FE-CB643B63084C}.Release|x86.Build.0 = Release|Any CPU
	EndGlobalSection
	GlobalSection(SolutionProperties) = preSolution
		HideSolutionNode = FALSE
	EndGlobalSection
EndGlobal
